
Microsoft Visual Studio Solution File, Format Version 12.00
# Visual Studio Version 18
VisualStudioVersion = 18.4.11519.219 insiders
MinimumVisualStudioVersion = 10.0.40219.1
Project("{FAE04EC0-301F-11D3-BF4B-00C04F79EFBC}") = "FileManager.AzureFileProvider.AspNet.Core", "FileManager.AzureFileProvider.AspNet.Core.csproj", "{2D1986E2-53F6-6348-E9CD-D62FCF0EBA91}"
EndProject
Global
	GlobalSection(SolutionConfigurationPlatforms) = preSolution
		Debug|Any CPU = Debug|Any CPU
		Release|Any CPU = Release|Any CPU
		Release-Xml|Any CPU = Release-Xml|Any CPU
	EndGlobalSection
	GlobalSection(ProjectConfigurationPlatforms) = postSolution
		{2D1986E2-53F6-6348-E9CD-D62FCF0EBA91}.Debug|Any CPU.ActiveCfg = Debug|Any CPU
		{2D1986E2-53F6-6348-E9CD-D62FCF0EBA91}.Debug|Any CPU.Build.0 = Debug|Any CPU
		{2D1986E2-53F6-6348-E9CD-D62FCF0EBA91}.Release|Any CPU.ActiveCfg = Release|Any CPU
		{2D1986E2-53F6-6348-E9CD-D62FCF0EBA91}.Release|Any CPU.Build.0 = Release|Any CPU
		{2D1986E2-53F6-6348-E9CD-D62FCF0EBA91}.Release-Xml|Any CPU.ActiveCfg = Release-Xml|Any CPU
		{2D1986E2-53F6-6348-E9CD-D62FCF0EBA91}.Release-Xml|Any CPU.Build.0 = Release-Xml|Any CPU
	EndGlobalSection
	GlobalSection(SolutionProperties) = preSolution
		HideSolutionNode = FALSE
	EndGlobalSection
	GlobalSection(ExtensibilityGlobals) = postSolution
		SolutionGuid = {146D76ED-5FB0-460F-93E4-E4505A5DFBE4}
	EndGlobalSection
EndGlobal
